# This file is automatically @generated by Cargo.
# It is not intended for manual editing.
version = 4

[[package]]
name = "bytes"
version = "1.11.1"
source = "registry+https://github.com/rust-lang/crates.io-index"
checksum = "1e748733b7cbc798e1434b6ac524f0c1ff2ab456fe201501e6497c8417a4fc33"

[[package]]
name = "lethal-nd"
version = "0.1.0"
dependencies = [
 "renet",
]

[[package]]
name = "log"
version = "0.4.29"
source = "registry+https://github.com/rust-lang/crates.io-index"
checksum = "5e5032e24019045c762d3c0f28f5b6b8bbf38563a65908389bf7978758920897"

[[package]]
name = "octets"
version = "0.3.5"
source = "registry+https://github.com/rust-lang/crates.io-index"
checksum = "8311fa8ab7a57759b4ff1f851a3048d9ef0effaa0130726426b742d26d8a88e7"

[[package]]
name = "renet"
version = "2.0.0"
source = "registry+https://github.com/rust-lang/crates.io-index"
checksum = "8535f2f4b5afe5e31fc37be4b8a1f167e61177f356b1c6ee8456b7045d6c74c0"
dependencies = [
 "bytes",
 "log",
 "octets",
]
